<?xml version="1.0" encoding="utf-8"?>
<Project ToolsVersion="4.0" xmlns="http://schemas.microsoft.com/developer/msbuild/2003">
  <ItemGroup>
    <Filter Include="Source Files">
      <UniqueIdentifier>{4FC737F1-C7A5-4376-A066-2A32D752A2FF}</UniqueIdentifier>
      <Extensions>cpp;c;cc;cxx;c++;cppm;ixx;def;odl;idl;hpj;bat;asm;asmx</Extensions>
    </Filter>
    <Filter Include="Header Files">
      <UniqueIdentifier>{93995380-89BD-4b04-88EB-625FBE52EBFB}</UniqueIdentifier>
      <Extensions>h;hh;hpp;hxx;h++;hm;inl;inc;ipp;xsd</Extensions>
    </Filter>
    <Filter Include="Resource Files">
      <UniqueIdentifier>{67DA6AB6-F800-4c08-8B7A-83BB121AAD01}</UniqueIdentifier>
      <Extensions>rc;ico;cur;bmp;dlg;rc2;rct;bin;rgs;gif;jpg;jpeg;jpe;resx;tiff;tif;png;wav;mfcribbon-ms</Extensions>
    </Filter>
    <Filter Include="Helpers">
      <UniqueIdentifier>{0c9525a6-8f2c-48e4-909f-f94ad9d5b6be}</UniqueIdentifier>
    </Filter>
    <Filter Include="Utilities">
      <UniqueIdentifier>{a45f7bbe-3395-4d3e-94f7-e3b2455769a6}</UniqueIdentifier>
    </Filter>
    <Filter Include="Resource Files\img">
      <UniqueIdentifier>{59fb7c0c-0864-4e51-a66d-df3866d8a558}</UniqueIdentifier>
    </Filter>
    <Filter Include="Resource Files\maps">
      <UniqueIdentifier>{4efaf58b-0c29-46eb-99c0-afe8c4de45f4}</UniqueIdentifier>
    </Filter>
    <Filter Include="Models">
      <UniqueIdentifier>{e9aca5bb-d995-409a-9c27-195a4383cb0b}</UniqueIdentifier>
    </Filter>
    <Filter Include="Managers">
      <UniqueIdentifier>{9c653128-d319-4158-a4d0-12f035f59a8c}</UniqueIdentifier>
    </Filter>
    <Filter Include="Handlers">
      <UniqueIdentifier>{48f89be3-3f1c-4b50-9ac4-94a4c997dfe1}</UniqueIdentifier>
    </Filter>
  </ItemGroup>
  <ItemGroup>
    <ClCompile Include="main.cpp">
      <Filter>Source Files</Filter>
    </ClCompile>
    <ClCompile Include="Game.cpp">
      <Filter>Source Files</Filter>
    </ClCompile>
    <ClCompile Include="Logger.cpp">
      <Filter>Source Files</Filter>
    </ClCompile>
    <ClCompile Include="StringHelper.cpp">
      <Filter>Helpers</Filter>
    </ClCompile>
    <ClCompile Include="Animation.cpp">
      <Filter>Utilities</Filter>
    </ClCompile>
    <ClCompile Include="Utilities.cpp">
      <Filter>Utilities</Filter>
    </ClCompile>
    <ClCompile Include="AnimationContainer.cpp">
      <Filter>Utilities</Filter>
    </ClCompile>
    <ClCompile Include="GameMap.cpp">
      <Filter>Source Files</Filter>
    </ClCompile>
    <ClCompile Include="Player.cpp">
      <Filter>Source Files</Filter>
    </ClCompile>
    <ClCompile Include="TilesHelper.cpp">
      <Filter>Helpers</Filter>
    </ClCompile>
    <ClCompile Include="MapLayerModel.cpp">
      <Filter>Models</Filter>
    </ClCompile>
    <ClCompile Include="ViewHelper.cpp">
      <Filter>Helpers</Filter>
    </ClCompile>
    <ClCompile Include="TexturesManager.cpp">
      <Filter>Managers</Filter>
    </ClCompile>
    <ClCompile Include="DebugHelper.cpp">
      <Filter>Helpers</Filter>
    </ClCompile>
    <ClCompile Include="CollisionHelper.cpp">
      <Filter>Helpers</Filter>
    </ClCompile>
  </ItemGroup>
  <ItemGroup>
    <ClInclude Include="Game.h">
      <Filter>Header Files</Filter>
    </ClInclude>
    <ClInclude Include="Logger.h">
      <Filter>Header Files</Filter>
    </ClInclude>
    <ClInclude Include="StringHelper.h">
      <Filter>Helpers</Filter>
    </ClInclude>
    <ClInclude Include="Animation.h">
      <Filter>Utilities</Filter>
    </ClInclude>
    <ClInclude Include="Utilities.h">
      <Filter>Utilities</Filter>
    </ClInclude>
    <ClInclude Include="AnimationContainer.h">
      <Filter>Utilities</Filter>
    </ClInclude>
    <ClInclude Include="GameMap.h">
      <Filter>Header Files</Filter>
    </ClInclude>
    <ClInclude Include="Player.h">
      <Filter>Header Files</Filter>
    </ClInclude>
    <ClInclude Include="Collision.h">
      <Filter>Utilities</Filter>
    </ClInclude>
    <ClInclude Include="TilesHelper.h">
      <Filter>Helpers</Filter>
    </ClInclude>
    <ClInclude Include="MapLayerModel.h">
      <Filter>Models</Filter>
    </ClInclude>
    <ClInclude Include="ViewHelper.h">
      <Filter>Helpers</Filter>
    </ClInclude>
    <ClInclude Include="TexturesManager.h">
      <Filter>Managers</Filter>
    </ClInclude>
    <ClInclude Include="DebugHelper.h">
      <Filter>Helpers</Filter>
    </ClInclude>
    <ClInclude Include="KeyboardEventHandler.h">
      <Filter>Handlers</Filter>
    </ClInclude>
    <ClInclude Include="CollisionHelper.h">
      <Filter>Helpers</Filter>
    </ClInclude>
  </ItemGroup>
  <ItemGroup>
    <Image Include="res\img\players.png">
      <Filter>Resource Files\img</Filter>
    </Image>
    <Image Include="res\img\tiles.png">
      <Filter>Resource Files\img</Filter>
    </Image>
    <Image Include="res\img\tiles2.png">
      <Filter>Resource Files\img</Filter>
    </Image>
  </ItemGroup>
  <ItemGroup>
    <Text Include="res\maps\map1.txt">
      <Filter>Resource Files\maps</Filter>
    </Text>
  </ItemGroup>
  <ItemGroup>
    <None Include="packages.config" />
  </ItemGroup>
</Project>