<?xml version="1.0" encoding="utf-8"?>
<Project ToolsVersion="4.0" xmlns="http://schemas.microsoft.com/developer/msbuild/2003">
  <ItemGroup>
    <Filter Include="Resource Files">
      <UniqueIdentifier>{67DA6AB6-F800-4c08-8B7A-83BB121AAD01}</UniqueIdentifier>
      <Extensions>rc;ico;cur;bmp;dlg;rc2;rct;bin;rgs;gif;jpg;jpeg;jpe;resx;tiff;tif;png;wav;mfcribbon-ms</Extensions>
    </Filter>
    <Filter Include="Helpers">
      <UniqueIdentifier>{0c9525a6-8f2c-48e4-909f-f94ad9d5b6be}</UniqueIdentifier>
    </Filter>
    <Filter Include="Utilities">
      <UniqueIdentifier>{a45f7bbe-3395-4d3e-94f7-e3b2455769a6}</UniqueIdentifier>
    </Filter>
    <Filter Include="Resource Files\img">
      <UniqueIdentifier>{59fb7c0c-0864-4e51-a66d-df3866d8a558}</UniqueIdentifier>
    </Filter>
    <Filter Include="Resource Files\maps">
      <UniqueIdentifier>{4efaf58b-0c29-46eb-99c0-afe8c4de45f4}</UniqueIdentifier>
    </Filter>
    <Filter Include="Models">
      <UniqueIdentifier>{e9aca5bb-d995-409a-9c27-195a4383cb0b}</UniqueIdentifier>
    </Filter>
    <Filter Include="Managers">
      <UniqueIdentifier>{9c653128-d319-4158-a4d0-12f035f59a8c}</UniqueIdentifier>
    </Filter>
    <Filter Include="Handlers">
      <UniqueIdentifier>{48f89be3-3f1c-4b50-9ac4-94a4c997dfe1}</UniqueIdentifier>
    </Filter>
    <Filter Include="UI">
      <UniqueIdentifier>{a4a82ebd-98c6-43e1-bc83-043542d505c5}</UniqueIdentifier>
    </Filter>
    <Filter Include="Core">
      <UniqueIdentifier>{431159e9-063e-4b6c-a2cb-766d3a781e3d}</UniqueIdentifier>
    </Filter>
    <Filter Include="Resource Files\fonts">
      <UniqueIdentifier>{5269810d-2d8f-4fe4-b431-589e5bd93354}</UniqueIdentifier>
    </Filter>
    <Filter Include="Resource Files\sounds">
      <UniqueIdentifier>{a0be12ea-8397-42cb-803b-15adeafaa38a}</UniqueIdentifier>
    </Filter>
    <Filter Include="Resource Files\sounds\ui">
      <UniqueIdentifier>{dbafac68-cdaa-48be-ae4c-bca5af8775cc}</UniqueIdentifier>
    </Filter>
    <Filter Include="Resource Files\sounds\entities">
      <UniqueIdentifier>{66168e3b-b6d0-4f39-ad36-4ac2be63d89c}</UniqueIdentifier>
    </Filter>
    <Filter Include="Resource Files\sounds\weapons">
      <UniqueIdentifier>{a64d3ac4-59ec-44f7-bdee-6b0189154c2a}</UniqueIdentifier>
    </Filter>
  </ItemGroup>
  <ItemGroup>
    <None Include="packages.config" />
    <None Include="res\maps\map1.json">
      <Filter>Resource Files\maps</Filter>
    </None>
    <None Include="settings.json" />
  </ItemGroup>
  <ItemGroup>
    <ClInclude Include="Engine\Handlers\KeyboardEventHandler.h">
      <Filter>Handlers</Filter>
    </ClInclude>
    <ClInclude Include="Engine\Helpers\CollisionHelper.h">
      <Filter>Helpers</Filter>
    </ClInclude>
    <ClInclude Include="Engine\Helpers\DebugHelper.h">
      <Filter>Helpers</Filter>
    </ClInclude>
    <ClInclude Include="Engine\Helpers\MathHelper.h">
      <Filter>Helpers</Filter>
    </ClInclude>
    <ClInclude Include="Engine\Helpers\StringHelper.h">
      <Filter>Helpers</Filter>
    </ClInclude>
    <ClInclude Include="Engine\Helpers\TilesHelper.h">
      <Filter>Helpers</Filter>
    </ClInclude>
    <ClInclude Include="Engine\Helpers\ViewHelper.h">
      <Filter>Helpers</Filter>
    </ClInclude>
    <ClInclude Include="Engine\Managers\CollisionsManager.h">
      <Filter>Managers</Filter>
    </ClInclude>
    <ClInclude Include="Engine\Managers\EnemiesManager.h">
      <Filter>Managers</Filter>
    </ClInclude>
    <ClInclude Include="Engine\Managers\ObjectsManager.h">
      <Filter>Managers</Filter>
    </ClInclude>
    <ClInclude Include="Engine\Managers\PathfindingManager.h">
      <Filter>Managers</Filter>
    </ClInclude>
    <ClInclude Include="Engine\Managers\TexturesManager.h">
      <Filter>Managers</Filter>
    </ClInclude>
    <ClInclude Include="Engine\Models\Enemy.h">
      <Filter>Models</Filter>
    </ClInclude>
    <ClInclude Include="Engine\Models\Entity.h">
      <Filter>Models</Filter>
    </ClInclude>
    <ClInclude Include="Engine\Models\GameMap.h">
      <Filter>Models</Filter>
    </ClInclude>
    <ClInclude Include="Engine\Models\HitboxWeapon.h">
      <Filter>Models</Filter>
    </ClInclude>
    <ClInclude Include="Engine\Models\MapLayerModel.h">
      <Filter>Models</Filter>
    </ClInclude>
    <ClInclude Include="Engine\Models\MeleeWeapon.h">
      <Filter>Models</Filter>
    </ClInclude>
    <ClInclude Include="Engine\Models\Player.h">
      <Filter>Models</Filter>
    </ClInclude>
    <ClInclude Include="Engine\Models\Weapon.h">
      <Filter>Models</Filter>
    </ClInclude>
    <ClInclude Include="Engine\Core\EnemiesAI.h">
      <Filter>Core</Filter>
    </ClInclude>
    <ClInclude Include="Engine\Core\EntityMovement.h">
      <Filter>Core</Filter>
    </ClInclude>
    <ClInclude Include="Engine\Core\Game.h">
      <Filter>Core</Filter>
    </ClInclude>
    <ClInclude Include="Engine\Core\Logger.h">
      <Filter>Core</Filter>
    </ClInclude>
    <ClInclude Include="Engine\Utilities\Animation.h">
      <Filter>Utilities</Filter>
    </ClInclude>
    <ClInclude Include="Engine\Utilities\AnimationContainer.h">
      <Filter>Utilities</Filter>
    </ClInclude>
    <ClInclude Include="Engine\Utilities\Collision.h">
      <Filter>Utilities</Filter>
    </ClInclude>
    <ClInclude Include="Engine\Utilities\TransformAnimation.h">
      <Filter>Utilities</Filter>
    </ClInclude>
    <ClInclude Include="Engine\Utilities\Utilities.h">
      <Filter>Utilities</Filter>
    </ClInclude>
    <ClInclude Include="Engine\UI\ProgressBar.h">
      <Filter>UI</Filter>
    </ClInclude>
    <ClInclude Include="Engine\UI\UIElement.h">
      <Filter>UI</Filter>
    </ClInclude>
    <ClInclude Include="Engine\UI\Scene.h">
      <Filter>UI</Filter>
    </ClInclude>
    <ClInclude Include="Engine\Managers\SceneManager.h">
      <Filter>Managers</Filter>
    </ClInclude>
    <ClInclude Include="Engine\Managers\FontsManager.h">
      <Filter>Managers</Filter>
    </ClInclude>
    <ClInclude Include="Engine\UI\Label.h">
      <Filter>UI</Filter>
    </ClInclude>
    <ClInclude Include="Engine\UI\Button.h">
      <Filter>UI</Filter>
    </ClInclude>
    <ClInclude Include="Engine\UI\AnimationBox.h">
      <Filter>UI</Filter>
    </ClInclude>
    <ClInclude Include="Engine\Managers\SoundsManager.h">
      <Filter>Managers</Filter>
    </ClInclude>
    <ClInclude Include="Engine\Models\Settings.h">
      <Filter>Models</Filter>
    </ClInclude>
    <ClInclude Include="Engine\UI\FocusContainer.h">
      <Filter>UI</Filter>
    </ClInclude>
    <ClInclude Include="Engine\Helpers\UIHelper.h">
      <Filter>Helpers</Filter>
    </ClInclude>
    <ClInclude Include="Engine\UI\CheckBox.h">
      <Filter>UI</Filter>
    </ClInclude>
  </ItemGroup>
  <ItemGroup>
    <ClCompile Include="main.cpp" />
    <ClCompile Include="Engine\Helpers\CollisionHelper.cpp">
      <Filter>Helpers</Filter>
    </ClCompile>
    <ClCompile Include="Engine\Helpers\DebugHelper.cpp">
      <Filter>Helpers</Filter>
    </ClCompile>
    <ClCompile Include="Engine\Helpers\MathHelper.cpp">
      <Filter>Helpers</Filter>
    </ClCompile>
    <ClCompile Include="Engine\Helpers\StringHelper.cpp">
      <Filter>Helpers</Filter>
    </ClCompile>
    <ClCompile Include="Engine\Helpers\TilesHelper.cpp">
      <Filter>Helpers</Filter>
    </ClCompile>
    <ClCompile Include="Engine\Helpers\ViewHelper.cpp">
      <Filter>Helpers</Filter>
    </ClCompile>
    <ClCompile Include="Engine\Managers\CollisionsManager.cpp">
      <Filter>Managers</Filter>
    </ClCompile>
    <ClCompile Include="Engine\Managers\EnemiesManager.cpp">
      <Filter>Managers</Filter>
    </ClCompile>
    <ClCompile Include="Engine\Managers\ObjectsManager.cpp">
      <Filter>Managers</Filter>
    </ClCompile>
    <ClCompile Include="Engine\Managers\PathfindingManager.cpp">
      <Filter>Managers</Filter>
    </ClCompile>
    <ClCompile Include="Engine\Managers\TexturesManager.cpp">
      <Filter>Managers</Filter>
    </ClCompile>
    <ClCompile Include="Engine\Models\Enemy.cpp">
      <Filter>Models</Filter>
    </ClCompile>
    <ClCompile Include="Engine\Models\Entity.cpp">
      <Filter>Models</Filter>
    </ClCompile>
    <ClCompile Include="Engine\Models\GameMap.cpp">
      <Filter>Models</Filter>
    </ClCompile>
    <ClCompile Include="Engine\Models\HitboxWeapon.cpp">
      <Filter>Models</Filter>
    </ClCompile>
    <ClCompile Include="Engine\Models\MeleeWeapon.cpp">
      <Filter>Models</Filter>
    </ClCompile>
    <ClCompile Include="Engine\Models\Player.cpp">
      <Filter>Models</Filter>
    </ClCompile>
    <ClCompile Include="Engine\Models\Weapon.cpp">
      <Filter>Models</Filter>
    </ClCompile>
    <ClCompile Include="Engine\Core\EnemiesAI.cpp">
      <Filter>Core</Filter>
    </ClCompile>
    <ClCompile Include="Engine\Core\EntityMovement.cpp">
      <Filter>Core</Filter>
    </ClCompile>
    <ClCompile Include="Engine\Core\Game.cpp">
      <Filter>Core</Filter>
    </ClCompile>
    <ClCompile Include="Engine\Core\Logger.cpp">
      <Filter>Core</Filter>
    </ClCompile>
    <ClCompile Include="Engine\Utilities\Animation.cpp">
      <Filter>Utilities</Filter>
    </ClCompile>
    <ClCompile Include="Engine\Utilities\AnimationContainer.cpp">
      <Filter>Utilities</Filter>
    </ClCompile>
    <ClCompile Include="Engine\Utilities\Collision.cpp">
      <Filter>Utilities</Filter>
    </ClCompile>
    <ClCompile Include="Engine\Utilities\TransformAnimation.cpp">
      <Filter>Utilities</Filter>
    </ClCompile>
    <ClCompile Include="Engine\Utilities\Utilities.cpp">
      <Filter>Utilities</Filter>
    </ClCompile>
    <ClCompile Include="Engine\UI\ProgressBar.cpp">
      <Filter>UI</Filter>
    </ClCompile>
    <ClCompile Include="Engine\UI\UIElement.cpp">
      <Filter>UI</Filter>
    </ClCompile>
    <ClCompile Include="Engine\UI\Scene.cpp">
      <Filter>UI</Filter>
    </ClCompile>
    <ClCompile Include="Engine\Managers\SceneManager.cpp">
      <Filter>Managers</Filter>
    </ClCompile>
    <ClCompile Include="Engine\Managers\FontsManager.cpp">
      <Filter>Managers</Filter>
    </ClCompile>
    <ClCompile Include="Engine\UI\Label.cpp">
      <Filter>UI</Filter>
    </ClCompile>
    <ClCompile Include="Engine\UI\Button.cpp">
      <Filter>UI</Filter>
    </ClCompile>
    <ClCompile Include="Engine\UI\AnimationBox.cpp">
      <Filter>UI</Filter>
    </ClCompile>
    <ClCompile Include="Engine\Managers\SoundsManager.cpp">
      <Filter>Managers</Filter>
    </ClCompile>
    <ClCompile Include="Engine\Models\Settings.cpp">
      <Filter>Models</Filter>
    </ClCompile>
    <ClCompile Include="Engine\UI\FocusContainer.cpp">
      <Filter>UI</Filter>
    </ClCompile>
    <ClCompile Include="Engine\Helpers\UIHelper.cpp">
      <Filter>Helpers</Filter>
    </ClCompile>
    <ClCompile Include="Engine\UI\CheckBox.cpp">
      <Filter>UI</Filter>
    </ClCompile>
  </ItemGroup>
  <ItemGroup>
    <Image Include="res\img\players.png">
      <Filter>Resource Files\img</Filter>
    </Image>
    <Image Include="res\img\special.png">
      <Filter>Resource Files\img</Filter>
    </Image>
    <Image Include="res\img\tiles.png">
      <Filter>Resource Files\img</Filter>
    </Image>
    <Image Include="res\img\tiles2.png">
      <Filter>Resource Files\img</Filter>
    </Image>
    <Image Include="res\img\ui.png">
      <Filter>Resource Files\img</Filter>
    </Image>
  </ItemGroup>
  <ItemGroup>
    <Font Include="res\fonts\Menu.ttf">
      <Filter>Resource Files\fonts</Filter>
    </Font>
  </ItemGroup>
  <ItemGroup>
    <Media Include="res\sounds\ui\click.wav">
      <Filter>Resource Files\sounds\ui</Filter>
    </Media>
    <Media Include="res\sounds\ui\coin.wav">
      <Filter>Resource Files\sounds\ui</Filter>
    </Media>
    <Media Include="res\sounds\ui\hit.wav">
      <Filter>Resource Files\sounds\ui</Filter>
    </Media>
    <Media Include="res\sounds\ui\release.wav">
      <Filter>Resource Files\sounds\ui</Filter>
    </Media>
    <Media Include="res\sounds\ui\select.wav">
      <Filter>Resource Files\sounds\ui</Filter>
    </Media>
    <Media Include="res\sounds\entities\dmg1.wav">
      <Filter>Resource Files\sounds\entities</Filter>
    </Media>
    <Media Include="res\sounds\entities\dmg2.wav">
      <Filter>Resource Files\sounds\entities</Filter>
    </Media>
    <Media Include="res\sounds\entities\dmg3.wav">
      <Filter>Resource Files\sounds\entities</Filter>
    </Media>
    <Media Include="res\sounds\entities\dmg4.wav">
      <Filter>Resource Files\sounds\entities</Filter>
    </Media>
    <Media Include="res\sounds\entities\dmg5.wav">
      <Filter>Resource Files\sounds\entities</Filter>
    </Media>
    <Media Include="res\sounds\entities\dmg6.wav">
      <Filter>Resource Files\sounds\entities</Filter>
    </Media>
    <Media Include="res\sounds\entities\dmg7.wav">
      <Filter>Resource Files\sounds\entities</Filter>
    </Media>
    <Media Include="res\sounds\entities\dmg8.wav">
      <Filter>Resource Files\sounds\entities</Filter>
    </Media>
    <Media Include="res\sounds\entities\dmg9.wav">
      <Filter>Resource Files\sounds\entities</Filter>
    </Media>
    <Media Include="res\sounds\entities\dmg10.wav">
      <Filter>Resource Files\sounds\entities</Filter>
    </Media>
    <Media Include="res\sounds\entities\dmg11.wav">
      <Filter>Resource Files\sounds\entities</Filter>
    </Media>
    <Media Include="res\sounds\entities\dmg12.wav">
      <Filter>Resource Files\sounds\entities</Filter>
    </Media>
    <Media Include="res\sounds\entities\shade1.wav">
      <Filter>Resource Files\sounds\entities</Filter>
    </Media>
    <Media Include="res\sounds\entities\shade2.wav">
      <Filter>Resource Files\sounds\entities</Filter>
    </Media>
    <Media Include="res\sounds\entities\shade3.wav">
      <Filter>Resource Files\sounds\entities</Filter>
    </Media>
    <Media Include="res\sounds\entities\slime1.wav">
      <Filter>Resource Files\sounds\entities</Filter>
    </Media>
    <Media Include="res\sounds\entities\slime2.wav">
      <Filter>Resource Files\sounds\entities</Filter>
    </Media>
    <Media Include="res\sounds\entities\slime3.wav">
      <Filter>Resource Files\sounds\entities</Filter>
    </Media>
    <Media Include="res\sounds\weapons\bite1.wav">
      <Filter>Resource Files\sounds\weapons</Filter>
    </Media>
    <Media Include="res\sounds\weapons\change1.wav">
      <Filter>Resource Files\sounds\weapons</Filter>
    </Media>
    <Media Include="res\sounds\weapons\swing1.wav">
      <Filter>Resource Files\sounds\weapons</Filter>
    </Media>
    <Media Include="res\sounds\weapons\swing2.wav">
      <Filter>Resource Files\sounds\weapons</Filter>
    </Media>
    <Media Include="res\sounds\weapons\swing3.wav">
      <Filter>Resource Files\sounds\weapons</Filter>
    </Media>
    <Media Include="res\sounds\weapons\swing4.wav">
      <Filter>Resource Files\sounds\weapons</Filter>
    </Media>
  </ItemGroup>
</Project>